
Microsoft Visual Studio Solution File, Format Version 12.00
# Visual Studio 15
VisualStudioVersion = 15.0.27703.2026
MinimumVisualStudioVersion = 10.0.40219.1
Project("{FAE04EC0-301F-11D3-BF4B-00C04F79EFBC}") = "ParsingTXT", "ParsingTXT\ParsingTXT.csproj", "{365F37EC-52C9-4712-ADC9-75A6CA7F54A8}"
EndProject
Global
	GlobalSection(SolutionConfigurationPlatforms) = preSolution
		Debug|Any CPU = Debug|Any CPU
		Release|Any CPU = Release|Any CPU
	EndGlobalSection
	GlobalSection(ProjectConfigurationPlatforms) = postSolution
		{365F37EC-52C9-4712-ADC9-75A6CA7F54A8}.Debug|Any CPU.ActiveCfg = Debug|Any CPU
		{365F37EC-52C9-4712-ADC9-75A6CA7F54A8}.Debug|Any CPU.Build.0 = Debug|Any CPU
		{365F37EC-52C9-4712-ADC9-75A6CA7F54A8}.Release|Any CPU.ActiveCfg = Release|Any CPU
		{365F37EC-52C9-4712-ADC9-75A6CA7F54A8}.Release|Any CPU.Build.0 = Release|Any CPU
	EndGlobalSection
	GlobalSection(SolutionProperties) = preSolution
		HideSolutionNode = FALSE
	EndGlobalSection
	GlobalSection(ExtensibilityGlobals) = postSolution
		SolutionGuid = {1D97E8C8-BFA9-44C1-B2BD-0A3881C710DC}
	EndGlobalSection
EndGlobal
